
Microsoft Visual Studio Solution File, Format Version 12.00
# Visual Studio 15
VisualStudioVersion = 15.0.27130.2003
MinimumVisualStudioVersion = 10.0.40219.1
Project("{FAE04EC0-301F-11D3-BF4B-00C04F79EFBC}") = "WebJob_Sharepoint", "WebJob_Sharepoint\WebJob_Sharepoint.csproj", "{3A10EBCB-40D8-428F-AF32-241ABBC58FCA}"
EndProject
Global
	GlobalSection(SolutionConfigurationPlatforms) = preSolution
		Debug|Any CPU = Debug|Any CPU
		Release|Any CPU = Release|Any CPU
	EndGlobalSection
	GlobalSection(ProjectConfigurationPlatforms) = postSolution
		{3A10EBCB-40D8-428F-AF32-241ABBC58FCA}.Debug|Any CPU.ActiveCfg = Debug|Any CPU
		{3A10EBCB-40D8-428F-AF32-241ABBC58FCA}.Debug|Any CPU.Build.0 = Debug|Any CPU
		{3A10EBCB-40D8-428F-AF32-241ABBC58FCA}.Release|Any CPU.ActiveCfg = Release|Any CPU
		{3A10EBCB-40D8-428F-AF32-241ABBC58FCA}.Release|Any CPU.Build.0 = Release|Any CPU
	EndGlobalSection
	GlobalSection(SolutionProperties) = preSolution
		HideSolutionNode = FALSE
	EndGlobalSection
	GlobalSection(ExtensibilityGlobals) = postSolution
		SolutionGuid = {84869525-2977-44C0-A848-F79C7852D3EA}
	EndGlobalSection
EndGlobal
